
Microsoft Visual Studio Solution File, Format Version 12.00
# Visual Studio Version 16
VisualStudioVersion = 16.0.29519.87
MinimumVisualStudioVersion = 10.0.40219.1
Project("{FAE04EC0-301F-11D3-BF4B-00C04F79EFBC}") = "SIS.HTTP", "SIS.HTTP\SIS.HTTP.csproj", "{412D64A8-F9DB-4524-A50D-63C3528A7246}"
EndProject
Project("{FAE04EC0-301F-11D3-BF4B-00C04F79EFBC}") = "SIS.MvcFramework", "SIS.MvcFramework\SIS.MvcFramework.csproj", "{C7070DB0-24BA-41C4-A6AB-6F22C3EC9061}"
EndProject
Project("{FAE04EC0-301F-11D3-BF4B-00C04F79EFBC}") = "DemoApp", "DemoApp\DemoApp.csproj", "{3008D9D0-7F1F-40E5-9257-88F2DB54BF45}"
EndProject
Global
	GlobalSection(SolutionConfigurationPlatforms) = preSolution
		Debug|Any CPU = Debug|Any CPU
		Release|Any CPU = Release|Any CPU
	EndGlobalSection
	GlobalSection(ProjectConfigurationPlatforms) = postSolution
		{412D64A8-F9DB-4524-A50D-63C3528A7246}.Debug|Any CPU.ActiveCfg = Debug|Any CPU
		{412D64A8-F9DB-4524-A50D-63C3528A7246}.Debug|Any CPU.Build.0 = Debug|Any CPU
		{412D64A8-F9DB-4524-A50D-63C3528A7246}.Release|Any CPU.ActiveCfg = Release|Any CPU
		{412D64A8-F9DB-4524-A50D-63C3528A7246}.Release|Any CPU.Build.0 = Release|Any CPU
		{C7070DB0-24BA-41C4-A6AB-6F22C3EC9061}.Debug|Any CPU.ActiveCfg = Debug|Any CPU
		{C7070DB0-24BA-41C4-A6AB-6F22C3EC9061}.Debug|Any CPU.Build.0 = Debug|Any CPU
		{C7070DB0-24BA-41C4-A6AB-6F22C3EC9061}.Release|Any CPU.ActiveCfg = Release|Any CPU
		{C7070DB0-24BA-41C4-A6AB-6F22C3EC9061}.Release|Any CPU.Build.0 = Release|Any CPU
		{3008D9D0-7F1F-40E5-9257-88F2DB54BF45}.Debug|Any CPU.ActiveCfg = Debug|Any CPU
		{3008D9D0-7F1F-40E5-9257-88F2DB54BF45}.Debug|Any CPU.Build.0 = Debug|Any CPU
		{3008D9D0-7F1F-40E5-9257-88F2DB54BF45}.Release|Any CPU.ActiveCfg = Release|Any CPU
		{3008D9D0-7F1F-40E5-9257-88F2DB54BF45}.Release|Any CPU.Build.0 = Release|Any CPU
	EndGlobalSection
	GlobalSection(SolutionProperties) = preSolution
		HideSolutionNode = FALSE
	EndGlobalSection
	GlobalSection(ExtensibilityGlobals) = postSolution
		SolutionGuid = {07A25258-8D41-4B9A-90BC-FEB1BB710354}
	EndGlobalSection
EndGlobal
